
Microsoft Visual Studio Solution File, Format Version 12.00
# Visual Studio 15
VisualStudioVersion = 15.0.27004.2010
MinimumVisualStudioVersion = 10.0.40219.1
Project("{FAE04EC0-301F-11D3-BF4B-00C04F79EFBC}") = "MyDictionary.WoxPlugin", "MyDictionary.WoxPlugin\MyDictionary.WoxPlugin.csproj", "{100754D1-7F47-4988-8688-15425A1E599B}"
EndProject
Project("{FAE04EC0-301F-11D3-BF4B-00C04F79EFBC}") = "MyDictionary.WordsLoader", "MyDictionary.WordsLoader\MyDictionary.WordsLoader.csproj", "{1B07EA04-8110-4D96-8980-486CA49E3B1D}"
EndProject
Project("{FAE04EC0-301F-11D3-BF4B-00C04F79EFBC}") = "MyDictionary.ConsoleLoader", "MyDictionary.ConsoleLoader\MyDictionary.ConsoleLoader.csproj", "{3BF7D84D-275B-42EA-8644-16CAFB7A782B}"
EndProject
Project("{FAE04EC0-301F-11D3-BF4B-00C04F79EFBC}") = "MyDictionary.Core", "MyDictionary.Core\MyDictionary.Core.csproj", "{9C39EB25-4BA6-4868-9873-900A2DC407E2}"
EndProject
Global
	GlobalSection(SolutionConfigurationPlatforms) = preSolution
		Debug|Any CPU = Debug|Any CPU
		Release|Any CPU = Release|Any CPU
	EndGlobalSection
	GlobalSection(ProjectConfigurationPlatforms) = postSolution
		{100754D1-7F47-4988-8688-15425A1E599B}.Debug|Any CPU.ActiveCfg = Debug|Any CPU
		{100754D1-7F47-4988-8688-15425A1E599B}.Debug|Any CPU.Build.0 = Debug|Any CPU
		{100754D1-7F47-4988-8688-15425A1E599B}.Release|Any CPU.ActiveCfg = Release|Any CPU
		{100754D1-7F47-4988-8688-15425A1E599B}.Release|Any CPU.Build.0 = Release|Any CPU
		{1B07EA04-8110-4D96-8980-486CA49E3B1D}.Debug|Any CPU.ActiveCfg = Debug|Any CPU
		{1B07EA04-8110-4D96-8980-486CA49E3B1D}.Debug|Any CPU.Build.0 = Debug|Any CPU
		{1B07EA04-8110-4D96-8980-486CA49E3B1D}.Release|Any CPU.ActiveCfg = Release|Any CPU
		{1B07EA04-8110-4D96-8980-486CA49E3B1D}.Release|Any CPU.Build.0 = Release|Any CPU
		{3BF7D84D-275B-42EA-8644-16CAFB7A782B}.Debug|Any CPU.ActiveCfg = Debug|Any CPU
		{3BF7D84D-275B-42EA-8644-16CAFB7A782B}.Debug|Any CPU.Build.0 = Debug|Any CPU
		{3BF7D84D-275B-42EA-8644-16CAFB7A782B}.Release|Any CPU.ActiveCfg = Release|Any CPU
		{3BF7D84D-275B-42EA-8644-16CAFB7A782B}.Release|Any CPU.Build.0 = Release|Any CPU
		{9C39EB25-4BA6-4868-9873-900A2DC407E2}.Debug|Any CPU.ActiveCfg = Debug|Any CPU
		{9C39EB25-4BA6-4868-9873-900A2DC407E2}.Debug|Any CPU.Build.0 = Debug|Any CPU
		{9C39EB25-4BA6-4868-9873-900A2DC407E2}.Release|Any CPU.ActiveCfg = Release|Any CPU
		{9C39EB25-4BA6-4868-9873-900A2DC407E2}.Release|Any CPU.Build.0 = Release|Any CPU
	EndGlobalSection
	GlobalSection(SolutionProperties) = preSolution
		HideSolutionNode = FALSE
	EndGlobalSection
	GlobalSection(ExtensibilityGlobals) = postSolution
		SolutionGuid = {35A54808-2AFB-4677-91A5-8FB8A917E1E5}
	EndGlobalSection
EndGlobal
